github.com/BurntSushi/toml v0.3.1 h1:WXkYYl6Yr3qBf1K79EBnL4mak0OimBfB0XUf9Vl28OQ=
github.com/BurntSushi/toml v0.3.1/go.mod h1:xHWCNGjB5oqiDr8zfno3MHue2Ht5sIBksp03qcyfWMU=
github.com/Tnze/CoolQ-Golang-SDK v0.0.0-20190729083435-26b5706b9042 h1:xD60c1CJPXSQWCgesvA32hbyjGtLpob4h1pXYSNoXyE=
github.com/Tnze/CoolQ-Golang-SDK v0.0.0-20190729083435-26b5706b9042/go.mod h1:XIWgI6JgLDdHQVN7a2Zegsp5ucwP071+8enN2emd0zg=
github.com/Tnze/go-mc v1.14.4-0.20190826180659-d85d31da46d6 h1:sb42/hgTig2xavCVf5Z8TVn9wswMerPe5/vsyd7K2Rs=
github.com/Tnze/go-mc v1.14.4-0.20190826180659-d85d31da46d6/go.mod h1:WxBlsPW0mrQE9O0UZT+So/p0bVmUPIUe5BMNC0NtEhQ=
github.com/Tnze/go-mc v1.14.4-0.20190829075543-323dc15eecf9 h1:IWZDKzEhmEKMHuMLAKxkp85I1FCqyNEsMbn59C70t70=
github.com/Tnze/go-mc v1.14.4-0.20190829075543-323dc15eecf9/go.mod h1:1G4A9l83So9M3XgDSRPCZzQKH/luUpgBy4nutmB52UY=
github.com/Tnze/go-mc v1.14.4 h1:+tTin5MQ8UN6i2aMJpSg803vrrQ/XPKumTA+PSxDr6U=
github.com/creack/pty v1.1.7/go.mod h1:lj5s0c3V2DBrqTV7llrYr5NG6My20zk30Fl46Y7DoTY=
github.com/etcd-io/bbolt v1.3.3 h1:gSJmxrs37LgTqR/oyJBWok6k6SvXEUerFTbltIhXkBM=
github.com/etcd-io/bbolt v1.3.3/go.mod h1:ZF2nL25h33cCyBtcyWeZ2/I3HQOfTP+0PIEvHjkjCrw=
github.com/google/uuid v1.1.1 h1:Gkbcsh/GbpXz7lPftLA3P6TYMwjCLYm83jiFQZF/3gY=
github.com/google/uuid v1.1.1/go.mod h1:TIyPZe4MgqvfeYDBFedMoGGpEw/LqOeaOT+nhxU+yHo=
github.com/kr/pretty v0.1.0/go.mod h1:dAy3ld7l9f0ibDNOQOHHMYYIIbhfbHSm3C4ZsoJORNo=
github.com/kr/pty v1.1.1/go.mod h1:pFQYn66WHrOpPYNljwOMqo10TkYh1fy3cYio2l3bCsQ=
github.com/kr/pty v1.1.8/go.mod h1:O1sed60cT9XZ5uDucP5qwvh+TE3NnUj51EiZO/lmSfw=
github.com/kr/text v0.1.0/go.mod h1:4Jbv+DJW3UT/LiOwJeYQe1efqtUx/iVham/4vfdArNI=
github.com/satori/go.uuid v1.2.0/go.mod h1:dA0hQrYB0VpLJoorglMZABFdXlWrHn1NEOzdhQKdks0=
go.etcd.io/bbolt v1.3.3 h1:MUGmc65QhB3pIlaQ5bB4LwqSj6GIonVJXpZiaKNyaKk=
go.etcd.io/bbolt v1.3.3/go.mod h1:IbVyRI1SCnLcuJnV2u8VeU0CEYM7e686BmAb1XKL+uU=
golang.org/x/sys v0.0.0-20190606165138-5da285871e9c h1:+EXw7AwNOKzPFXMZ1yNjO40aWCh3PIquJB2fYlv9wcs=
golang.org/x/sys v0.0.0-20190606165138-5da285871e9c/go.mod h1:h1NjWce9XRLGQEsW7wpKNCjG9DtNlClVuFLEZdDNbEs=
golang.org/x/text v0.3.2 h1:tW2bmiBqwgJj/UpqtC8EpXEZVYOwU0yG4iWbprSVAcs=
golang.org/x/text v0.3.2/go.mod h1:bEr9sfX3Q8Zfm5fL9x+3itogRgK3+ptLWKqgva+5dAk=
golang.org/x/tools v0.0.0-20180917221912-90fa682c2a6e/go.mod h1:n7NCudcB/nEzxVGmLbDWY5pfWTLqBcC2KZ6jyYvM4mQ=
gopkg.in/check.v1 v1.0.0-20180628173108-788fd7840127/go.mod h1:Co6ibVJAznAaIkqp8huTwlJQCZ016jof/cbN4VW5Yz0=
